
Microsoft Visual Studio Solution File, Format Version 12.00
Project("{FAE04EC0-301F-11D3-BF4B-00C04F79EFBC}") = "Enrichments.Content", "Enrichments.Content.csproj", "{A1EE62A6-38CA-42AD-9B86-7713E244B6D2}"
EndProject
Global
	GlobalSection(SolutionConfigurationPlatforms) = preSolution
		Debug|Any CPU = Debug|Any CPU
		Release|Any CPU = Release|Any CPU
	EndGlobalSection
	GlobalSection(ProjectConfigurationPlatforms) = postSolution
		{A1EE62A6-38CA-42AD-9B86-7713E244B6D2}.Debug|Any CPU.ActiveCfg = Debug|Any CPU
		{A1EE62A6-38CA-42AD-9B86-7713E244B6D2}.Debug|Any CPU.Build.0 = Debug|Any CPU
		{A1EE62A6-38CA-42AD-9B86-7713E244B6D2}.Release|Any CPU.ActiveCfg = Release|Any CPU
		{A1EE62A6-38CA-42AD-9B86-7713E244B6D2}.Release|Any CPU.Build.0 = Release|Any CPU
	EndGlobalSection
EndGlobal
